schema: '2.0'
stages:
  ingest:
    cmd: python src/ingestion/market_data.py
    deps:
    - path: params.yaml
      hash: md5
      md5: 4304d727703fc0b423b0d6c61f0732ce
      size: 262
    - path: src/ingestion/market_data.py
      hash: md5
      md5: 787ac3189e4368062e24d1e654badcce
      size: 792
    outs:
    - path: data/raw/market_prices.csv
      hash: md5
      md5: 3d92141a822b9d01a553fb85a64228dd
      size: 557760
  preprocess:
    cmd: python src/preprocessing/clean_data.py
    deps:
    - path: data/raw/market_prices.csv
      hash: md5
      md5: 3d92141a822b9d01a553fb85a64228dd
      size: 557760
    outs:
    - path: data/processed/clean_prices.csv
      hash: md5
      md5: 6ac908b6c5f444b3f585bb720071e973
      size: 555606
  features:
    cmd: python src/features/build_features.py
    deps:
    - path: data/processed/clean_prices.csv
      hash: md5
      md5: 6ac908b6c5f444b3f585bb720071e973
      size: 555606
    outs:
    - path: data/features/returns_features.csv
      hash: md5
      md5: 96b69c3db55f3f11569088c0145de78a
      size: 652377
  train:
    cmd: python src/models/train_return_model.py
    deps:
    - path: data/features/returns_features.csv
      hash: md5
      md5: 96b69c3db55f3f11569088c0145de78a
      size: 652377
    - path: params.yaml
      hash: md5
      md5: 4304d727703fc0b423b0d6c61f0732ce
      size: 262
    outs:
    - path: models/return_model.pkl
      hash: md5
      md5: 930ec4ab399c5feb5b2f90eaffc652d5
      size: 91568585
